
Microsoft Visual Studio Solution File, Format Version 12.00
# Visual Studio Version 16
VisualStudioVersion = 16.0.29920.165
MinimumVisualStudioVersion = 10.0.40219.1
Project("{9A19103F-16F7-4668-BE54-9A1E7A4F7556}") = "Covid", "Covid\Covid.csproj", "{7AD98DC8-9622-446A-A560-A6F79D50BCE7}"
EndProject
Project("{9A19103F-16F7-4668-BE54-9A1E7A4F7556}") = "OxyPlot.Avalonia", "third_party\oxyplot-avalonia\Source\OxyPlot.Avalonia\OxyPlot.Avalonia.csproj", "{78A0AC2E-A1A6-48A8-A3E8-F4051B76EE7B}"
EndProject
Global
	GlobalSection(SolutionConfigurationPlatforms) = preSolution
		Debug|Any CPU = Debug|Any CPU
		Release|Any CPU = Release|Any CPU
	EndGlobalSection
	GlobalSection(ProjectConfigurationPlatforms) = postSolution
		{7AD98DC8-9622-446A-A560-A6F79D50BCE7}.Debug|Any CPU.ActiveCfg = Debug|Any CPU
		{7AD98DC8-9622-446A-A560-A6F79D50BCE7}.Debug|Any CPU.Build.0 = Debug|Any CPU
		{7AD98DC8-9622-446A-A560-A6F79D50BCE7}.Release|Any CPU.ActiveCfg = Release|Any CPU
		{7AD98DC8-9622-446A-A560-A6F79D50BCE7}.Release|Any CPU.Build.0 = Release|Any CPU
		{78A0AC2E-A1A6-48A8-A3E8-F4051B76EE7B}.Debug|Any CPU.ActiveCfg = Debug|Any CPU
		{78A0AC2E-A1A6-48A8-A3E8-F4051B76EE7B}.Debug|Any CPU.Build.0 = Debug|Any CPU
		{78A0AC2E-A1A6-48A8-A3E8-F4051B76EE7B}.Release|Any CPU.ActiveCfg = Release|Any CPU
		{78A0AC2E-A1A6-48A8-A3E8-F4051B76EE7B}.Release|Any CPU.Build.0 = Release|Any CPU
	EndGlobalSection
	GlobalSection(SolutionProperties) = preSolution
		HideSolutionNode = FALSE
	EndGlobalSection
	GlobalSection(ExtensibilityGlobals) = postSolution
		SolutionGuid = {2420F5FB-7F3B-4E3D-A1B4-5710915D1603}
	EndGlobalSection
EndGlobal
